
Microsoft Visual Studio Solution File, Format Version 12.00
# Visual Studio 14
VisualStudioVersion = 14.0.25420.1
MinimumVisualStudioVersion = 10.0.40219.1
Project("{FAE04EC0-301F-11D3-BF4B-00C04F79EFBC}") = "PuntosColombia", "PuntosColombia\PuntosColombia.csproj", "{BD69359A-04DB-4945-BE1B-8E69B091FCDF}"
EndProject
Project("{FAE04EC0-301F-11D3-BF4B-00C04F79EFBC}") = "PuntosColombia.Excepciones", "PuntosColombia.Excepciones\PuntosColombia.Excepciones.csproj", "{404D90C4-39FA-454A-9661-70D8B6F99524}"
EndProject
Global
	GlobalSection(SolutionConfigurationPlatforms) = preSolution
		Debug|Any CPU = Debug|Any CPU
		Release|Any CPU = Release|Any CPU
	EndGlobalSection
	GlobalSection(ProjectConfigurationPlatforms) = postSolution
		{BD69359A-04DB-4945-BE1B-8E69B091FCDF}.Debug|Any CPU.ActiveCfg = Debug|Any CPU
		{BD69359A-04DB-4945-BE1B-8E69B091FCDF}.Debug|Any CPU.Build.0 = Debug|Any CPU
		{BD69359A-04DB-4945-BE1B-8E69B091FCDF}.Release|Any CPU.ActiveCfg = Release|Any CPU
		{BD69359A-04DB-4945-BE1B-8E69B091FCDF}.Release|Any CPU.Build.0 = Release|Any CPU
		{404D90C4-39FA-454A-9661-70D8B6F99524}.Debug|Any CPU.ActiveCfg = Debug|Any CPU
		{404D90C4-39FA-454A-9661-70D8B6F99524}.Debug|Any CPU.Build.0 = Debug|Any CPU
		{404D90C4-39FA-454A-9661-70D8B6F99524}.Release|Any CPU.ActiveCfg = Release|Any CPU
		{404D90C4-39FA-454A-9661-70D8B6F99524}.Release|Any CPU.Build.0 = Release|Any CPU
	EndGlobalSection
	GlobalSection(SolutionProperties) = preSolution
		HideSolutionNode = FALSE
	EndGlobalSection
EndGlobal
